
Microsoft Visual Studio Solution File, Format Version 12.00
# Visual Studio Version 16
VisualStudioVersion = 16.0.32106.194
MinimumVisualStudioVersion = 10.0.40219.1
Project("{FAE04EC0-301F-11D3-BF4B-00C04F79EFBC}") = "ENSIKLO.UWP", "ENSIKLO\ENSIKLO.UWP\ENSIKLO.UWP.csproj", "{3F860DB6-D43C-4543-9097-67B06610C699}"
EndProject
Project("{FAE04EC0-301F-11D3-BF4B-00C04F79EFBC}") = "ENSIKLO.Android", "ENSIKLO\ENSIKLO.Android\ENSIKLO.Android.csproj", "{31097872-5823-465E-899D-B264B5803894}"
EndProject
Project("{FAE04EC0-301F-11D3-BF4B-00C04F79EFBC}") = "ENSIKLO.iOS", "ENSIKLO\ENSIKLO.iOS\ENSIKLO.iOS.csproj", "{A08244DC-F5CB-4A13-9C57-14BE0CCF8B0E}"
EndProject
Project("{FAE04EC0-301F-11D3-BF4B-00C04F79EFBC}") = "ENSIKLO", "ENSIKLO\ENSIKLO\ENSIKLO.csproj", "{159408E0-2552-453B-A6DF-98C3B16E0ECC}"
EndProject
Global
	GlobalSection(SolutionConfigurationPlatforms) = preSolution
		Debug|Any CPU = Debug|Any CPU
		Debug|ARM = Debug|ARM
		Debug|iPhone = Debug|iPhone
		Debug|iPhoneSimulator = Debug|iPhoneSimulator
		Debug|x64 = Debug|x64
		Debug|x86 = Debug|x86
		Release|Any CPU = Release|Any CPU
		Release|ARM = Release|ARM
		Release|iPhone = Release|iPhone
		Release|iPhoneSimulator = Release|iPhoneSimulator
		Release|x64 = Release|x64
		Release|x86 = Release|x86
	EndGlobalSection
	GlobalSection(ProjectConfigurationPlatforms) = postSolution
		{3F860DB6-D43C-4543-9097-67B06610C699}.Debug|Any CPU.ActiveCfg = Debug|x86
		{3F860DB6-D43C-4543-9097-67B06610C699}.Debug|ARM.ActiveCfg = Debug|ARM
		{3F860DB6-D43C-4543-9097-67B06610C699}.Debug|ARM.Build.0 = Debug|ARM
		{3F860DB6-D43C-4543-9097-67B06610C699}.Debug|ARM.Deploy.0 = Debug|ARM
		{3F860DB6-D43C-4543-9097-67B06610C699}.Debug|iPhone.ActiveCfg = Debug|x86
		{3F860DB6-D43C-4543-9097-67B06610C699}.Debug|iPhoneSimulator.ActiveCfg = Debug|x86
		{3F860DB6-D43C-4543-9097-67B06610C699}.Debug|x64.ActiveCfg = Debug|x64
		{3F860DB6-D43C-4543-9097-67B06610C699}.Debug|x64.Build.0 = Debug|x64
		{3F860DB6-D43C-4543-9097-67B06610C699}.Debug|x64.Deploy.0 = Debug|x64
		{3F860DB6-D43C-4543-9097-67B06610C699}.Debug|x86.ActiveCfg = Debug|x86
		{3F860DB6-D43C-4543-9097-67B06610C699}.Debug|x86.Build.0 = Debug|x86
		{3F860DB6-D43C-4543-9097-67B06610C699}.Debug|x86.Deploy.0 = Debug|x86
		{3F860DB6-D43C-4543-9097-67B06610C699}.Release|Any CPU.ActiveCfg = Release|x86
		{3F860DB6-D43C-4543-9097-67B06610C699}.Release|ARM.ActiveCfg = Release|ARM
		{3F860DB6-D43C-4543-9097-67B06610C699}.Release|ARM.Build.0 = Release|ARM
		{3F860DB6-D43C-4543-9097-67B06610C699}.Release|ARM.Deploy.0 = Release|ARM
		{3F860DB6-D43C-4543-9097-67B06610C699}.Release|iPhone.ActiveCfg = Release|x86
		{3F860DB6-D43C-4543-9097-67B06610C699}.Release|iPhoneSimulator.ActiveCfg = Release|x86
		{3F860DB6-D43C-4543-9097-67B06610C699}.Release|x64.ActiveCfg = Release|x64
		{3F860DB6-D43C-4543-9097-67B06610C699}.Release|x64.Build.0 = Release|x64
		{3F860DB6-D43C-4543-9097-67B06610C699}.Release|x64.Deploy.0 = Release|x64
		{3F860DB6-D43C-4543-9097-67B06610C699}.Release|x86.ActiveCfg = Release|x86
		{3F860DB6-D43C-4543-9097-67B06610C699}.Release|x86.Build.0 = Release|x86
		{3F860DB6-D43C-4543-9097-67B06610C699}.Release|x86.Deploy.0 = Release|x86
		{31097872-5823-465E-899D-B264B5803894}.Debug|Any CPU.ActiveCfg = Debug|Any CPU
		{31097872-5823-465E-899D-B264B5803894}.Debug|Any CPU.Build.0 = Debug|Any CPU
		{31097872-5823-465E-899D-B264B5803894}.Debug|Any CPU.Deploy.0 = Debug|Any CPU
		{31097872-5823-465E-899D-B264B5803894}.Debug|ARM.ActiveCfg = Debug|Any CPU
		{31097872-5823-465E-899D-B264B5803894}.Debug|ARM.Build.0 = Debug|Any CPU
		{31097872-5823-465E-899D-B264B5803894}.Debug|ARM.Deploy.0 = Debug|Any CPU
		{31097872-5823-465E-899D-B264B5803894}.Debug|iPhone.ActiveCfg = Debug|Any CPU
		{31097872-5823-465E-899D-B264B5803894}.Debug|iPhone.Build.0 = Debug|Any CPU
		{31097872-5823-465E-899D-B264B5803894}.Debug|iPhone.Deploy.0 = Debug|Any CPU
		{31097872-5823-465E-899D-B264B5803894}.Debug|iPhoneSimulator.ActiveCfg = Debug|Any CPU
		{31097872-5823-465E-899D-B264B5803894}.Debug|iPhoneSimulator.Build.0 = Debug|Any CPU
		{31097872-5823-465E-899D-B264B5803894}.Debug|iPhoneSimulator.Deploy.0 = Debug|Any CPU
		{31097872-5823-465E-899D-B264B5803894}.Debug|x64.ActiveCfg = Debug|Any CPU
		{31097872-5823-465E-899D-B264B5803894}.Debug|x64.Build.0 = Debug|Any CPU
		{31097872-5823-465E-899D-B264B5803894}.Debug|x64.Deploy.0 = Debug|Any CPU
		{31097872-5823-465E-899D-B264B5803894}.Debug|x86.ActiveCfg = Debug|Any CPU
		{31097872-5823-465E-899D-B264B5803894}.Debug|x86.Build.0 = Debug|Any CPU
		{31097872-5823-465E-899D-B264B5803894}.Debug|x86.Deploy.0 = Debug|Any CPU
		{31097872-5823-465E-899D-B264B5803894}.Release|Any CPU.ActiveCfg = Release|Any CPU
		{31097872-5823-465E-899D-B264B5803894}.Release|Any CPU.Build.0 = Release|Any CPU
		{31097872-5823-465E-899D-B264B5803894}.Release|Any CPU.Deploy.0 = Release|Any CPU
		{31097872-5823-465E-899D-B264B5803894}.Release|ARM.ActiveCfg = Release|Any CPU
		{31097872-5823-465E-899D-B264B5803894}.Release|ARM.Build.0 = Release|Any CPU
		{31097872-5823-465E-899D-B264B5803894}.Release|ARM.Deploy.0 = Release|Any CPU
		{31097872-5823-465E-899D-B264B5803894}.Release|iPhone.ActiveCfg = Release|Any CPU
		{31097872-5823-465E-899D-B264B5803894}.Release|iPhone.Build.0 = Release|Any CPU
		{31097872-5823-465E-899D-B264B5803894}.Release|iPhone.Deploy.0 = Release|Any CPU
		{31097872-5823-465E-899D-B264B5803894}.Release|iPhoneSimulator.ActiveCfg = Release|Any CPU
		{31097872-5823-465E-899D-B264B5803894}.Release|iPhoneSimulator.Build.0 = Release|Any CPU
		{31097872-5823-465E-899D-B264B5803894}.Release|iPhoneSimulator.Deploy.0 = Release|Any CPU
		{31097872-5823-465E-899D-B264B5803894}.Release|x64.ActiveCfg = Release|Any CPU
		{31097872-5823-465E-899D-B264B5803894}.Release|x64.Build.0 = Release|Any CPU
		{31097872-5823-465E-899D-B264B5803894}.Release|x64.Deploy.0 = Release|Any CPU
		{31097872-5823-465E-899D-B264B5803894}.Release|x86.ActiveCfg = Release|Any CPU
		{31097872-5823-465E-899D-B264B5803894}.Release|x86.Build.0 = Release|Any CPU
		{31097872-5823-465E-899D-B264B5803894}.Release|x86.Deploy.0 = Release|Any CPU
		{A08244DC-F5CB-4A13-9C57-14BE0CCF8B0E}.Debug|Any CPU.ActiveCfg = Debug|iPhoneSimulator
		{A08244DC-F5CB-4A13-9C57-14BE0CCF8B0E}.Debug|Any CPU.Build.0 = Debug|iPhoneSimulator
		{A08244DC-F5CB-4A13-9C57-14BE0CCF8B0E}.Debug|Any CPU.Deploy.0 = Debug|iPhoneSimulator
		{A08244DC-F5CB-4A13-9C57-14BE0CCF8B0E}.Debug|ARM.ActiveCfg = Debug|iPhone
		{A08244DC-F5CB-4A13-9C57-14BE0CCF8B0E}.Debug|ARM.Build.0 = Debug|iPhone
		{A08244DC-F5CB-4A13-9C57-14BE0CCF8B0E}.Debug|ARM.Deploy.0 = Debug|iPhone
		{A08244DC-F5CB-4A13-9C57-14BE0CCF8B0E}.Debug|iPhone.ActiveCfg = Debug|iPhone
		{A08244DC-F5CB-4A13-9C57-14BE0CCF8B0E}.Debug|iPhone.Build.0 = Debug|iPhone
		{A08244DC-F5CB-4A13-9C57-14BE0CCF8B0E}.Debug|iPhone.Deploy.0 = Debug|iPhone
		{A08244DC-F5CB-4A13-9C57-14BE0CCF8B0E}.Debug|iPhoneSimulator.ActiveCfg = Debug|iPhoneSimulator
		{A08244DC-F5CB-4A13-9C57-14BE0CCF8B0E}.Debug|iPhoneSimulator.Build.0 = Debug|iPhoneSimulator
		{A08244DC-F5CB-4A13-9C57-14BE0CCF8B0E}.Debug|iPhoneSimulator.Deploy.0 = Debug|iPhoneSimulator
		{A08244DC-F5CB-4A13-9C57-14BE0CCF8B0E}.Debug|x64.ActiveCfg = Debug|iPhoneSimulator
		{A08244DC-F5CB-4A13-9C57-14BE0CCF8B0E}.Debug|x64.Build.0 = Debug|iPhoneSimulator
		{A08244DC-F5CB-4A13-9C57-14BE0CCF8B0E}.Debug|x64.Deploy.0 = Debug|iPhoneSimulator
		{A08244DC-F5CB-4A13-9C57-14BE0CCF8B0E}.Debug|x86.ActiveCfg = Debug|iPhoneSimulator
		{A08244DC-F5CB-4A13-9C57-14BE0CCF8B0E}.Debug|x86.Build.0 = Debug|iPhoneSimulator
		{A08244DC-F5CB-4A13-9C57-14BE0CCF8B0E}.Debug|x86.Deploy.0 = Debug|iPhoneSimulator
		{A08244DC-F5CB-4A13-9C57-14BE0CCF8B0E}.Release|Any CPU.ActiveCfg = Release|iPhoneSimulator
		{A08244DC-F5CB-4A13-9C57-14BE0CCF8B0E}.Release|Any CPU.Build.0 = Release|iPhoneSimulator
		{A08244DC-F5CB-4A13-9C57-14BE0CCF8B0E}.Release|Any CPU.Deploy.0 = Release|iPhoneSimulator
		{A08244DC-F5CB-4A13-9C57-14BE0CCF8B0E}.Release|ARM.ActiveCfg = Release|iPhoneSimulator
		{A08244DC-F5CB-4A13-9C57-14BE0CCF8B0E}.Release|ARM.Build.0 = Release|iPhoneSimulator
		{A08244DC-F5CB-4A13-9C57-14BE0CCF8B0E}.Release|ARM.Deploy.0 = Release|iPhoneSimulator
		{A08244DC-F5CB-4A13-9C57-14BE0CCF8B0E}.Release|iPhone.ActiveCfg = Release|iPhone
		{A08244DC-F5CB-4A13-9C57-14BE0CCF8B0E}.Release|iPhone.Build.0 = Release|iPhone
		{A08244DC-F5CB-4A13-9C57-14BE0CCF8B0E}.Release|iPhone.Deploy.0 = Release|iPhone
		{A08244DC-F5CB-4A13-9C57-14BE0CCF8B0E}.Release|iPhoneSimulator.ActiveCfg = Release|iPhoneSimulator
		{A08244DC-F5CB-4A13-9C57-14BE0CCF8B0E}.Release|iPhoneSimulator.Build.0 = Release|iPhoneSimulator
		{A08244DC-F5CB-4A13-9C57-14BE0CCF8B0E}.Release|iPhoneSimulator.Deploy.0 = Release|iPhoneSimulator
		{A08244DC-F5CB-4A13-9C57-14BE0CCF8B0E}.Release|x64.ActiveCfg = Release|iPhoneSimulator
		{A08244DC-F5CB-4A13-9C57-14BE0CCF8B0E}.Release|x64.Build.0 = Release|iPhoneSimulator
		{A08244DC-F5CB-4A13-9C57-14BE0CCF8B0E}.Release|x64.Deploy.0 = Release|iPhoneSimulator
		{A08244DC-F5CB-4A13-9C57-14BE0CCF8B0E}.Release|x86.ActiveCfg = Release|iPhoneSimulator
		{A08244DC-F5CB-4A13-9C57-14BE0CCF8B0E}.Release|x86.Build.0 = Release|iPhoneSimulator
		{A08244DC-F5CB-4A13-9C57-14BE0CCF8B0E}.Release|x86.Deploy.0 = Release|iPhoneSimulator
		{159408E0-2552-453B-A6DF-98C3B16E0ECC}.Debug|Any CPU.ActiveCfg = Debug|Any CPU
		{159408E0-2552-453B-A6DF-98C3B16E0ECC}.Debug|Any CPU.Build.0 = Debug|Any CPU
		{159408E0-2552-453B-A6DF-98C3B16E0ECC}.Debug|Any CPU.Deploy.0 = Debug|Any CPU
		{159408E0-2552-453B-A6DF-98C3B16E0ECC}.Debug|ARM.ActiveCfg = Debug|Any CPU
		{159408E0-2552-453B-A6DF-98C3B16E0ECC}.Debug|ARM.Build.0 = Debug|Any CPU
		{159408E0-2552-453B-A6DF-98C3B16E0ECC}.Debug|ARM.Deploy.0 = Debug|Any CPU
		{159408E0-2552-453B-A6DF-98C3B16E0ECC}.Debug|iPhone.ActiveCfg = Debug|Any CPU
		{159408E0-2552-453B-A6DF-98C3B16E0ECC}.Debug|iPhone.Build.0 = Debug|Any CPU
		{159408E0-2552-453B-A6DF-98C3B16E0ECC}.Debug|iPhone.Deploy.0 = Debug|Any CPU
		{159408E0-2552-453B-A6DF-98C3B16E0ECC}.Debug|iPhoneSimulator.ActiveCfg = Debug|Any CPU
		{159408E0-2552-453B-A6DF-98C3B16E0ECC}.Debug|iPhoneSimulator.Build.0 = Debug|Any CPU
		{159408E0-2552-453B-A6DF-98C3B16E0ECC}.Debug|iPhoneSimulator.Deploy.0 = Debug|Any CPU
		{159408E0-2552-453B-A6DF-98C3B16E0ECC}.Debug|x64.ActiveCfg = Debug|Any CPU
		{159408E0-2552-453B-A6DF-98C3B16E0ECC}.Debug|x64.Build.0 = Debug|Any CPU
		{159408E0-2552-453B-A6DF-98C3B16E0ECC}.Debug|x64.Deploy.0 = Debug|Any CPU
		{159408E0-2552-453B-A6DF-98C3B16E0ECC}.Debug|x86.ActiveCfg = Debug|Any CPU
		{159408E0-2552-453B-A6DF-98C3B16E0ECC}.Debug|x86.Build.0 = Debug|Any CPU
		{159408E0-2552-453B-A6DF-98C3B16E0ECC}.Debug|x86.Deploy.0 = Debug|Any CPU
		{159408E0-2552-453B-A6DF-98C3B16E0ECC}.Release|Any CPU.ActiveCfg = Release|Any CPU
		{159408E0-2552-453B-A6DF-98C3B16E0ECC}.Release|Any CPU.Build.0 = Release|Any CPU
		{159408E0-2552-453B-A6DF-98C3B16E0ECC}.Release|Any CPU.Deploy.0 = Release|Any CPU
		{159408E0-2552-453B-A6DF-98C3B16E0ECC}.Release|ARM.ActiveCfg = Release|Any CPU
		{159408E0-2552-453B-A6DF-98C3B16E0ECC}.Release|ARM.Build.0 = Release|Any CPU
		{159408E0-2552-453B-A6DF-98C3B16E0ECC}.Release|ARM.Deploy.0 = Release|Any CPU
		{159408E0-2552-453B-A6DF-98C3B16E0ECC}.Release|iPhone.ActiveCfg = Release|Any CPU
		{159408E0-2552-453B-A6DF-98C3B16E0ECC}.Release|iPhone.Build.0 = Release|Any CPU
		{159408E0-2552-453B-A6DF-98C3B16E0ECC}.Release|iPhone.Deploy.0 = Release|Any CPU
		{159408E0-2552-453B-A6DF-98C3B16E0ECC}.Release|iPhoneSimulator.ActiveCfg = Release|Any CPU
		{159408E0-2552-453B-A6DF-98C3B16E0ECC}.Release|iPhoneSimulator.Build.0 = Release|Any CPU
		{159408E0-2552-453B-A6DF-98C3B16E0ECC}.Release|iPhoneSimulator.Deploy.0 = Release|Any CPU
		{159408E0-2552-453B-A6DF-98C3B16E0ECC}.Release|x64.ActiveCfg = Release|Any CPU
		{159408E0-2552-453B-A6DF-98C3B16E0ECC}.Release|x64.Build.0 = Release|Any CPU
		{159408E0-2552-453B-A6DF-98C3B16E0ECC}.Release|x64.Deploy.0 = Release|Any CPU
		{159408E0-2552-453B-A6DF-98C3B16E0ECC}.Release|x86.ActiveCfg = Release|Any CPU
		{159408E0-2552-453B-A6DF-98C3B16E0ECC}.Release|x86.Build.0 = Release|Any CPU
		{159408E0-2552-453B-A6DF-98C3B16E0ECC}.Release|x86.Deploy.0 = Release|Any CPU
	EndGlobalSection
	GlobalSection(SolutionProperties) = preSolution
		HideSolutionNode = FALSE
	EndGlobalSection
	GlobalSection(ExtensibilityGlobals) = postSolution
		SolutionGuid = {D18C3412-39FB-4791-9020-5478CB3D5CD8}
	EndGlobalSection
EndGlobal
